
Microsoft Visual Studio Solution File, Format Version 12.00
# Visual Studio 15
VisualStudioVersion = 15.0.27428.2011
MinimumVisualStudioVersion = 10.0.40219.1
Project("{FAE04EC0-301F-11D3-BF4B-00C04F79EFBC}") = "Hex Warfare ver. 2", "Hex Warfare ver. 2\Hex Warfare ver. 2.csproj", "{EEF2EDD1-3084-4D10-9A4F-306CB73BDD7D}"
EndProject
Global
	GlobalSection(SolutionConfigurationPlatforms) = preSolution
		Debug|Any CPU = Debug|Any CPU
		Release|Any CPU = Release|Any CPU
	EndGlobalSection
	GlobalSection(ProjectConfigurationPlatforms) = postSolution
		{EEF2EDD1-3084-4D10-9A4F-306CB73BDD7D}.Debug|Any CPU.ActiveCfg = Debug|Any CPU
		{EEF2EDD1-3084-4D10-9A4F-306CB73BDD7D}.Debug|Any CPU.Build.0 = Debug|Any CPU
		{EEF2EDD1-3084-4D10-9A4F-306CB73BDD7D}.Release|Any CPU.ActiveCfg = Release|Any CPU
		{EEF2EDD1-3084-4D10-9A4F-306CB73BDD7D}.Release|Any CPU.Build.0 = Release|Any CPU
	EndGlobalSection
	GlobalSection(SolutionProperties) = preSolution
		HideSolutionNode = FALSE
	EndGlobalSection
	GlobalSection(ExtensibilityGlobals) = postSolution
		SolutionGuid = {7158B186-9507-417A-9CA2-B3A196A12439}
	EndGlobalSection
EndGlobal
